
Microsoft Visual Studio Solution File, Format Version 12.00
# Visual Studio Version 17
VisualStudioVersion = 17.3.32922.545
MinimumVisualStudioVersion = 10.0.40219.1
Project("{9A19103F-16F7-4668-BE54-9A1E7A4F7556}") = "WebAPIs", "WebAPIs\WebAPIs.csproj", "{686CBF28-56D9-43B2-AE47-AD7F9E301849}"
EndProject
Project("{9A19103F-16F7-4668-BE54-9A1E7A4F7556}") = "Domain", "Domain\Domain.csproj", "{A7075578-45C4-4C91-BF47-674B3D3A8B42}"
EndProject
Project("{9A19103F-16F7-4668-BE54-9A1E7A4F7556}") = "Infrastructure", "Infrastructure\Infrastructure.csproj", "{EB69FE6F-F75E-4E2F-8A8C-058AA8A5E67A}"
EndProject
Project("{9A19103F-16F7-4668-BE54-9A1E7A4F7556}") = "Application", "Application\Application.csproj", "{C3B56169-C0A6-4A37-BCD8-61C1C3ECEB50}"
EndProject
Global
	GlobalSection(SolutionConfigurationPlatforms) = preSolution
		Debug|Any CPU = Debug|Any CPU
		Release|Any CPU = Release|Any CPU
	EndGlobalSection
	GlobalSection(ProjectConfigurationPlatforms) = postSolution
		{686CBF28-56D9-43B2-AE47-AD7F9E301849}.Debug|Any CPU.ActiveCfg = Debug|Any CPU
		{686CBF28-56D9-43B2-AE47-AD7F9E301849}.Debug|Any CPU.Build.0 = Debug|Any CPU
		{686CBF28-56D9-43B2-AE47-AD7F9E301849}.Release|Any CPU.ActiveCfg = Release|Any CPU
		{686CBF28-56D9-43B2-AE47-AD7F9E301849}.Release|Any CPU.Build.0 = Release|Any CPU
		{A7075578-45C4-4C91-BF47-674B3D3A8B42}.Debug|Any CPU.ActiveCfg = Debug|Any CPU
		{A7075578-45C4-4C91-BF47-674B3D3A8B42}.Debug|Any CPU.Build.0 = Debug|Any CPU
		{A7075578-45C4-4C91-BF47-674B3D3A8B42}.Release|Any CPU.ActiveCfg = Release|Any CPU
		{A7075578-45C4-4C91-BF47-674B3D3A8B42}.Release|Any CPU.Build.0 = Release|Any CPU
		{EB69FE6F-F75E-4E2F-8A8C-058AA8A5E67A}.Debug|Any CPU.ActiveCfg = Debug|Any CPU
		{EB69FE6F-F75E-4E2F-8A8C-058AA8A5E67A}.Debug|Any CPU.Build.0 = Debug|Any CPU
		{EB69FE6F-F75E-4E2F-8A8C-058AA8A5E67A}.Release|Any CPU.ActiveCfg = Release|Any CPU
		{EB69FE6F-F75E-4E2F-8A8C-058AA8A5E67A}.Release|Any CPU.Build.0 = Release|Any CPU
		{C3B56169-C0A6-4A37-BCD8-61C1C3ECEB50}.Debug|Any CPU.ActiveCfg = Debug|Any CPU
		{C3B56169-C0A6-4A37-BCD8-61C1C3ECEB50}.Debug|Any CPU.Build.0 = Debug|Any CPU
		{C3B56169-C0A6-4A37-BCD8-61C1C3ECEB50}.Release|Any CPU.ActiveCfg = Release|Any CPU
		{C3B56169-C0A6-4A37-BCD8-61C1C3ECEB50}.Release|Any CPU.Build.0 = Release|Any CPU
	EndGlobalSection
	GlobalSection(SolutionProperties) = preSolution
		HideSolutionNode = FALSE
	EndGlobalSection
	GlobalSection(ExtensibilityGlobals) = postSolution
		SolutionGuid = {802E511D-BE1A-4A49-A84C-2C0D2FBE1CE1}
	EndGlobalSection
EndGlobal
